{
  "name": "cerise-vts-driver",
  "version": "0.1.0",
  "lockfileVersion": 3,
  "requires": true,
  "packages": {
    "": {
      "name": "cerise-vts-driver",
      "version": "0.1.0",
      "dependencies": {
        "vtubestudio": "^3.11.0",
        "ws": "^8.18.0"
      },
      "engines": {
        "node": ">=18.0.0"
      }
    },
    "node_modules/vtubestudio": {
      "version": "3.11.0",
      "resolved": "https://registry.npmjs.org/vtubestudio/-/vtubestudio-3.11.0.tgz",
      "integrity": "sha512-Yv7ed3/1bpYQhhIW9hPs1UvPPUR62queUryQNaDxuAStiCGXuSnV28/Bpif5ZNgRv3nF4jxxvEm8IvkA74FZjw==",
      "license": "MIT"
    },
    "node_modules/ws": {
      "version": "8.19.0",
      "resolved": "https://registry.npmjs.org/ws/-/ws-8.19.0.tgz",
      "integrity": "sha512-blAT2mjOEIi0ZzruJfIhb3nps74PRWTCz1IjglWEEpQl5XS/UNama6u2/rjFkDDouqr4L67ry+1aGIALViWjDg==",
      "license": "MIT",
      "engines": {
        "node": ">=10.0.0"
      },
      "peerDependencies": {
        "bufferutil": "^4.0.1",
        "utf-8-validate": ">=5.0.2"
      },
      "peerDependenciesMeta": {
        "bufferutil": {
          "optional": true
        },
        "utf-8-validate": {
          "optional": true
        }
      }
    }
  }
}
